// !$*UTF8*$!
{
	archiveVersion = 1;
	classes = {
	};
	objectVersion = 48;
	objects = {

/* Begin PBXBuildFile section */
		837145BF2EE5494FE2647C8B /* Pods_delayed.framework in Frameworks */ = {isa = PBXBuildFile; fileRef = 90C395E086FFEF75118D1836 /* Pods_delayed.framework */; };
		B9052AD91F9F338F001F08D3 /* AppDelegate.swift in Sources */ = {isa = PBXBuildFile; fileRef = B9052AD81F9F338F001F08D3 /* AppDelegate.swift */; };
		B9052ADE1F9F338F001F08D3 /* Main.storyboard in Resources */ = {isa = PBXBuildFile; fileRef = B9052ADC1F9F338F001F08D3 /* Main.storyboard */; };
		B9052AE31F9F338F001F08D3 /* LaunchScreen.storyboard in Resources */ = {isa = PBXBuildFile; fileRef = B9052AE11F9F338F001F08D3 /* LaunchScreen.storyboard */; };
		B9052AEE1F9F338F001F08D3 /* delayedTests.swift in Sources */ = {isa = PBXBuildFile; fileRef = B9052AED1F9F338F001F08D3 /* delayedTests.swift */; };
		B9052AF91F9F338F001F08D3 /* delayedUITests.swift in Sources */ = {isa = PBXBuildFile; fileRef = B9052AF81F9F338F001F08D3 /* delayedUITests.swift */; };
		B9052B0E1F9F40D3001F08D3 /* TripDetails.swift in Sources */ = {isa = PBXBuildFile; fileRef = B9052B0D1F9F40D3001F08D3 /* TripDetails.swift */; };
		B9052B101F9F4113001F08D3 /* AllTrips.swift in Sources */ = {isa = PBXBuildFile; fileRef = B9052B0F1F9F4113001F08D3 /* AllTrips.swift */; };
		B9052B141F9F4681001F08D3 /* SettingsPage.swift in Sources */ = {isa = PBXBuildFile; fileRef = B9052B131F9F4681001F08D3 /* SettingsPage.swift */; };
		B906134A1FA6D22300B89139 /* RouteDetails.swift in Sources */ = {isa = PBXBuildFile; fileRef = B90613491FA6D22200B89139 /* RouteDetails.swift */; };
		B91C47861FA5690E0091D745 /* LaunchPage.swift in Sources */ = {isa = PBXBuildFile; fileRef = B91C47851FA5690E0091D745 /* LaunchPage.swift */; };
		B91C478A1FA5A5E70091D745 /* LoginPage.swift in Sources */ = {isa = PBXBuildFile; fileRef = B91C47891FA5A5E70091D745 /* LoginPage.swift */; };
		B91C478C1FA5A6300091D745 /* RegisterPage.swift in Sources */ = {isa = PBXBuildFile; fileRef = B91C478B1FA5A6300091D745 /* RegisterPage.swift */; };
		B91C478E1FA5CD780091D745 /* Images.xcassets in Resources */ = {isa = PBXBuildFile; fileRef = B91C478D1FA5CD780091D745 /* Images.xcassets */; };
		B97329711FA6827E00C25878 /* ResetPasswordPage.swift in Sources */ = {isa = PBXBuildFile; fileRef = B97329701FA6827E00C25878 /* ResetPasswordPage.swift */; };
		B97329731FA68D8E00C25878 /* SearchPage.swift in Sources */ = {isa = PBXBuildFile; fileRef = B97329721FA68D8E00C25878 /* SearchPage.swift */; };
		B97ECFC01FA02C87009602AC /* MyTrips.swift in Sources */ = {isa = PBXBuildFile; fileRef = B97ECFBF1FA02C87009602AC /* MyTrips.swift */; };
		B9F6CC7D1FA7273E007AB605 /* StoptimePage.swift in Sources */ = {isa = PBXBuildFile; fileRef = B9F6CC7C1FA7273E007AB605 /* StoptimePage.swift */; };
		C788A2673555DB6BA223A061 /* Pods_delayedUITests.framework in Frameworks */ = {isa = PBXBuildFile; fileRef = C62311DA45FBE094BD1A8872 /* Pods_delayedUITests.framework */; };
		EBB41789CDD8935CD0F3B7BE /* Pods_delayedTests.framework in Frameworks */ = {isa = PBXBuildFile; fileRef = 50FF02D09FF708BAA9638AAC /* Pods_delayedTests.framework */; };
/* End PBXBuildFile section */

/* Begin PBXContainerItemProxy section */
		B9052AEA1F9F338F001F08D3 /* PBXContainerItemProxy */ = {
			isa = PBXContainerItemProxy;
			containerPortal = B9052ACD1F9F338E001F08D3 /* Project object */;
			proxyType = 1;
			remoteGlobalIDString = B9052AD41F9F338F001F08D3;
			remoteInfo = delayed;
		};
		B9052AF51F9F338F001F08D3 /* PBXContainerItemProxy */ = {
			isa = PBXContainerItemProxy;
			containerPortal = B9052ACD1F9F338E001F08D3 /* Project object */;
			proxyType = 1;
			remoteGlobalIDString = B9052AD41F9F338F001F08D3;
			remoteInfo = delayed;
		};
/* End PBXContainerItemProxy section */

/* Begin PBXFileReference section */
		1A61620E04A1E5176B0A6CDA /* Pods-delayedUITests.release.xcconfig */ = {isa = PBXFileReference; includeInIndex = 1; lastKnownFileType = text.xcconfig; name = "Pods-delayedUITests.release.xcconfig"; path = "Pods/Target Support Files/Pods-delayedUITests/Pods-delayedUITests.release.xcconfig"; sourceTree = "<group>"; };
		2F416CD66A10FDC7356A2DEF /* Pods-delayedTests.release.xcconfig */ = {isa = PBXFileReference; includeInIndex = 1; lastKnownFileType = text.xcconfig; name = "Pods-delayedTests.release.xcconfig"; path = "Pods/Target Support Files/Pods-delayedTests/Pods-delayedTests.release.xcconfig"; sourceTree = "<group>"; };
		50FF02D09FF708BAA9638AAC /* Pods_delayedTests.framework */ = {isa = PBXFileReference; explicitFileType = wrapper.framework; includeInIndex = 0; path = Pods_delayedTests.framework; sourceTree = BUILT_PRODUCTS_DIR; };
		608F80E2EC9B77982B823137 /* Pods-delayedTests.debug.xcconfig */ = {isa = PBXFileReference; includeInIndex = 1; lastKnownFileType = text.xcconfig; name = "Pods-delayedTests.debug.xcconfig"; path = "Pods/Target Support Files/Pods-delayedTests/Pods-delayedTests.debug.xcconfig"; sourceTree = "<group>"; };
		7F209EAAE4E4F4E0006E5358 /* Pods-delayed.release.xcconfig */ = {isa = PBXFileReference; includeInIndex = 1; lastKnownFileType = text.xcconfig; name = "Pods-delayed.release.xcconfig"; path = "Pods/Target Support Files/Pods-delayed/Pods-delayed.release.xcconfig"; sourceTree = "<group>"; };
		90C395E086FFEF75118D1836 /* Pods_delayed.framework */ = {isa = PBXFileReference; explicitFileType = wrapper.framework; includeInIndex = 0; path = Pods_delayed.framework; sourceTree = BUILT_PRODUCTS_DIR; };
		9C95566EB00D5015D964518E /* Pods-delayedUITests.debug.xcconfig */ = {isa = PBXFileReference; includeInIndex = 1; lastKnownFileType = text.xcconfig; name = "Pods-delayedUITests.debug.xcconfig"; path = "Pods/Target Support Files/Pods-delayedUITests/Pods-delayedUITests.debug.xcconfig"; sourceTree = "<group>"; };
		B9052AD51F9F338F001F08D3 /* delayed.app */ = {isa = PBXFileReference; explicitFileType = wrapper.application; includeInIndex = 0; path = delayed.app; sourceTree = BUILT_PRODUCTS_DIR; };
		B9052AD81F9F338F001F08D3 /* AppDelegate.swift */ = {isa = PBXFileReference; lastKnownFileType = sourcecode.swift; path = AppDelegate.swift; sourceTree = "<group>"; };
		B9052ADD1F9F338F001F08D3 /* Base */ = {isa = PBXFileReference; lastKnownFileType = file.storyboard; name = Base; path = Base.lproj/Main.storyboard; sourceTree = "<group>"; };
		B9052AE21F9F338F001F08D3 /* Base */ = {isa = PBXFileReference; lastKnownFileType = file.storyboard; name = Base; path = Base.lproj/LaunchScreen.storyboard; sourceTree = "<group>"; };
		B9052AE41F9F338F001F08D3 /* Info.plist */ = {isa = PBXFileReference; lastKnownFileType = text.plist.xml; path = Info.plist; sourceTree = "<group>"; };
		B9052AE91F9F338F001F08D3 /* delayedTests.xctest */ = {isa = PBXFileReference; explicitFileType = wrapper.cfbundle; includeInIndex = 0; path = delayedTests.xctest; sourceTree = BUILT_PRODUCTS_DIR; };
		B9052AED1F9F338F001F08D3 /* delayedTests.swift */ = {isa = PBXFileReference; lastKnownFileType = sourcecode.swift; path = delayedTests.swift; sourceTree = "<group>"; };
		B9052AEF1F9F338F001F08D3 /* Info.plist */ = {isa = PBXFileReference; lastKnownFileType = text.plist.xml; path = Info.plist; sourceTree = "<group>"; };
		B9052AF41F9F338F001F08D3 /* delayedUITests.xctest */ = {isa = PBXFileReference; explicitFileType = wrapper.cfbundle; includeInIndex = 0; path = delayedUITests.xctest; sourceTree = BUILT_PRODUCTS_DIR; };
		B9052AF81F9F338F001F08D3 /* delayedUITests.swift */ = {isa = PBXFileReference; lastKnownFileType = sourcecode.swift; path = delayedUITests.swift; sourceTree = "<group>"; };
		B9052AFA1F9F338F001F08D3 /* Info.plist */ = {isa = PBXFileReference; lastKnownFileType = text.plist.xml; path = Info.plist; sourceTree = "<group>"; };
		B9052B061F9F33A9001F08D3 /* delayed.entitlements */ = {isa = PBXFileReference; lastKnownFileType = text.plist.entitlements; path = delayed.entitlements; sourceTree = "<group>"; };
		B9052B0D1F9F40D3001F08D3 /* TripDetails.swift */ = {isa = PBXFileReference; lastKnownFileType = sourcecode.swift; path = TripDetails.swift; sourceTree = "<group>"; };
		B9052B0F1F9F4113001F08D3 /* AllTrips.swift */ = {isa = PBXFileReference; lastKnownFileType = sourcecode.swift; path = AllTrips.swift; sourceTree = "<group>"; };
		B9052B131F9F4681001F08D3 /* SettingsPage.swift */ = {isa = PBXFileReference; lastKnownFileType = sourcecode.swift; path = SettingsPage.swift; sourceTree = "<group>"; };
		B90613491FA6D22200B89139 /* RouteDetails.swift */ = {isa = PBXFileReference; lastKnownFileType = sourcecode.swift; path = RouteDetails.swift; sourceTree = "<group>"; };
		B91C47851FA5690E0091D745 /* LaunchPage.swift */ = {isa = PBXFileReference; lastKnownFileType = sourcecode.swift; path = LaunchPage.swift; sourceTree = "<group>"; };
		B91C47891FA5A5E70091D745 /* LoginPage.swift */ = {isa = PBXFileReference; lastKnownFileType = sourcecode.swift; path = LoginPage.swift; sourceTree = "<group>"; };
		B91C478B1FA5A6300091D745 /* RegisterPage.swift */ = {isa = PBXFileReference; lastKnownFileType = sourcecode.swift; path = RegisterPage.swift; sourceTree = "<group>"; };
		B91C478D1FA5CD780091D745 /* Images.xcassets */ = {isa = PBXFileReference; lastKnownFileType = folder.assetcatalog; path = Images.xcassets; sourceTree = "<group>"; };
		B97329701FA6827E00C25878 /* ResetPasswordPage.swift */ = {isa = PBXFileReference; lastKnownFileType = sourcecode.swift; path = ResetPasswordPage.swift; sourceTree = "<group>"; };
		B97329721FA68D8E00C25878 /* SearchPage.swift */ = {isa = PBXFileReference; lastKnownFileType = sourcecode.swift; path = SearchPage.swift; sourceTree = "<group>"; };
		B97ECFBF1FA02C87009602AC /* MyTrips.swift */ = {isa = PBXFileReference; lastKnownFileType = sourcecode.swift; path = MyTrips.swift; sourceTree = "<group>"; };
		B9F6CC7C1FA7273E007AB605 /* StoptimePage.swift */ = {isa = PBXFileReference; lastKnownFileType = sourcecode.swift; path = StoptimePage.swift; sourceTree = "<group>"; };
		C62311DA45FBE094BD1A8872 /* Pods_delayedUITests.framework */ = {isa = PBXFileReference; explicitFileType = wrapper.framework; includeInIndex = 0; path = Pods_delayedUITests.framework; sourceTree = BUILT_PRODUCTS_DIR; };
		DFBF692110D3195E4216BB72 /* Pods-delayed.debug.xcconfig */ = {isa = PBXFileReference; includeInIndex = 1; lastKnownFileType = text.xcconfig; name = "Pods-delayed.debug.xcconfig"; path = "Pods/Target Support Files/Pods-delayed/Pods-delayed.debug.xcconfig"; sourceTree = "<group>"; };
/* End PBXFileReference section */

/* Begin PBXFrameworksBuildPhase section */
		B9052AD21F9F338F001F08D3 /* Frameworks */ = {
			isa = PBXFrameworksBuildPhase;
			buildActionMask = 2147483647;
			files = (
				837145BF2EE5494FE2647C8B /* Pods_delayed.framework in Frameworks */,
			);
			runOnlyForDeploymentPostprocessing = 0;
		};
		B9052AE61F9F338F001F08D3 /* Frameworks */ = {
			isa = PBXFrameworksBuildPhase;
			buildActionMask = 2147483647;
			files = (
				EBB41789CDD8935CD0F3B7BE /* Pods_delayedTests.framework in Frameworks */,
			);
			runOnlyForDeploymentPostprocessing = 0;
		};
		B9052AF11F9F338F001F08D3 /* Frameworks */ = {
			isa = PBXFrameworksBuildPhase;
			buildActionMask = 2147483647;
			files = (
				C788A2673555DB6BA223A061 /* Pods_delayedUITests.framework in Frameworks */,
			);
			runOnlyForDeploymentPostprocessing = 0;
		};
/* End PBXFrameworksBuildPhase section */

/* Begin PBXGroup section */
		77AE46F69FE3CF0D67FCBF6D /* Frameworks */ = {
			isa = PBXGroup;
			children = (
				90C395E086FFEF75118D1836 /* Pods_delayed.framework */,
				50FF02D09FF708BAA9638AAC /* Pods_delayedTests.framework */,
				C62311DA45FBE094BD1A8872 /* Pods_delayedUITests.framework */,
			);
			name = Frameworks;
			sourceTree = "<group>";
		};
		B9052ACC1F9F338E001F08D3 = {
			isa = PBXGroup;
			children = (
				B9052AD71F9F338F001F08D3 /* delayed */,
				B9052AEC1F9F338F001F08D3 /* delayedTests */,
				B9052AF71F9F338F001F08D3 /* delayedUITests */,
				B9052AD61F9F338F001F08D3 /* Products */,
				E66568EAD0F99A2580BECAC0 /* Pods */,
				77AE46F69FE3CF0D67FCBF6D /* Frameworks */,
			);
			sourceTree = "<group>";
		};
		B9052AD61F9F338F001F08D3 /* Products */ = {
			isa = PBXGroup;
			children = (
				B9052AD51F9F338F001F08D3 /* delayed.app */,
				B9052AE91F9F338F001F08D3 /* delayedTests.xctest */,
				B9052AF41F9F338F001F08D3 /* delayedUITests.xctest */,
			);
			name = Products;
			sourceTree = "<group>";
		};
		B9052AD71F9F338F001F08D3 /* delayed */ = {
			isa = PBXGroup;
			children = (
				B9052ADC1F9F338F001F08D3 /* Main.storyboard */,
				B91C47851FA5690E0091D745 /* LaunchPage.swift */,
				B91C478B1FA5A6300091D745 /* RegisterPage.swift */,
				B91C47891FA5A5E70091D745 /* LoginPage.swift */,
				B9052B0F1F9F4113001F08D3 /* AllTrips.swift */,
				B9052B0D1F9F40D3001F08D3 /* TripDetails.swift */,
				B97ECFBF1FA02C87009602AC /* MyTrips.swift */,
				B97329721FA68D8E00C25878 /* SearchPage.swift */,
				B90613491FA6D22200B89139 /* RouteDetails.swift */,
				B9F6CC7C1FA7273E007AB605 /* StoptimePage.swift */,
				B9052B131F9F4681001F08D3 /* SettingsPage.swift */,
				B97329701FA6827E00C25878 /* ResetPasswordPage.swift */,
				B9052AD81F9F338F001F08D3 /* AppDelegate.swift */,
				B9052AE11F9F338F001F08D3 /* LaunchScreen.storyboard */,
				B9052B061F9F33A9001F08D3 /* delayed.entitlements */,
				B9052AE41F9F338F001F08D3 /* Info.plist */,
				B91C478D1FA5CD780091D745 /* Images.xcassets */,
			);
			path = delayed;
			sourceTree = "<group>";
		};
		B9052AEC1F9F338F001F08D3 /* delayedTests */ = {
			isa = PBXGroup;
			children = (
				B9052AED1F9F338F001F08D3 /* delayedTests.swift */,
				B9052AEF1F9F338F001F08D3 /* Info.plist */,
			);
			path = delayedTests;
			sourceTree = "<group>";
		};
		B9052AF71F9F338F001F08D3 /* delayedUITests */ = {
			isa = PBXGroup;
			children = (
				B9052AF81F9F338F001F08D3 /* delayedUITests.swift */,
				B9052AFA1F9F338F001F08D3 /* Info.plist */,
			);
			path = delayedUITests;
			sourceTree = "<group>";
		};
		E66568EAD0F99A2580BECAC0 /* Pods */ = {
			isa = PBXGroup;
			children = (
				DFBF692110D3195E4216BB72 /* Pods-delayed.debug.xcconfig */,
				7F209EAAE4E4F4E0006E5358 /* Pods-delayed.release.xcconfig */,
				608F80E2EC9B77982B823137 /* Pods-delayedTests.debug.xcconfig */,
				2F416CD66A10FDC7356A2DEF /* Pods-delayedTests.release.xcconfig */,
				9C95566EB00D5015D964518E /* Pods-delayedUITests.debug.xcconfig */,
				1A61620E04A1E5176B0A6CDA /* Pods-delayedUITests.release.xcconfig */,
			);
			name = Pods;
			sourceTree = "<group>";
		};
/* End PBXGroup section */

/* Begin PBXNativeTarget section */
		B9052AD41F9F338F001F08D3 /* delayed */ = {
			isa = PBXNativeTarget;
			buildConfigurationList = B9052AFD1F9F338F001F08D3 /* Build configuration list for PBXNativeTarget "delayed" */;
			buildPhases = (
				C43F2882F8C084D0DD80E983 /* [CP] Check Pods Manifest.lock */,
				B9052AD11F9F338F001F08D3 /* Sources */,
				B9052AD21F9F338F001F08D3 /* Frameworks */,
				B9052AD31F9F338F001F08D3 /* Resources */,
				3668764150E041B66ED5B74D /* [CP] Embed Pods Frameworks */,
				056A62F9138352C777963391 /* [CP] Copy Pods Resources */,
			);
			buildRules = (
			);
			dependencies = (
			);
			name = delayed;
			productName = delayed;
			productReference = B9052AD51F9F338F001F08D3 /* delayed.app */;
			productType = "com.apple.product-type.application";
		};
		B9052AE81F9F338F001F08D3 /* delayedTests */ = {
			isa = PBXNativeTarget;
			buildConfigurationList = B9052B001F9F338F001F08D3 /* Build configuration list for PBXNativeTarget "delayedTests" */;
			buildPhases = (
				6EF475406764372DC607B3FC /* [CP] Check Pods Manifest.lock */,
				B9052AE51F9F338F001F08D3 /* Sources */,
				B9052AE61F9F338F001F08D3 /* Frameworks */,
				B9052AE71F9F338F001F08D3 /* Resources */,
				4E7AE88913D6C2D684D8F712 /* [CP] Embed Pods Frameworks */,
				64C6AB938AD9ECD0B5610A7D /* [CP] Copy Pods Resources */,
			);
			buildRules = (
			);
			dependencies = (
				B9052AEB1F9F338F001F08D3 /* PBXTargetDependency */,
			);
			name = delayedTests;
			productName = delayedTests;
			productReference = B9052AE91F9F338F001F08D3 /* delayedTests.xctest */;
			productType = "com.apple.product-type.bundle.unit-test";
		};
		B9052AF31F9F338F001F08D3 /* delayedUITests */ = {
			isa = PBXNativeTarget;
			buildConfigurationList = B9052B031F9F338F001F08D3 /* Build configuration list for PBXNativeTarget "delayedUITests" */;
			buildPhases = (
				29EDA49619C12C0EAE8F2F24 /* [CP] Check Pods Manifest.lock */,
				B9052AF01F9F338F001F08D3 /* Sources */,
				B9052AF11F9F338F001F08D3 /* Frameworks */,
				B9052AF21F9F338F001F08D3 /* Resources */,
				49CD82618C969F49C747999D /* [CP] Embed Pods Frameworks */,
				9476DCFB080253B6828F3D7E /* [CP] Copy Pods Resources */,
			);
			buildRules = (
			);
			dependencies = (
				B9052AF61F9F338F001F08D3 /* PBXTargetDependency */,
			);
			name = delayedUITests;
			productName = delayedUITests;
			productReference = B9052AF41F9F338F001F08D3 /* delayedUITests.xctest */;
			productType = "com.apple.product-type.bundle.ui-testing";
		};
/* End PBXNativeTarget section */

/* Begin PBXProject section */
		B9052ACD1F9F338E001F08D3 /* Project object */ = {
			isa = PBXProject;
			attributes = {
				LastSwiftUpdateCheck = 0900;
				LastUpgradeCheck = 0900;
				ORGANIZATIONNAME = Lamps;
				TargetAttributes = {
					B9052AD41F9F338F001F08D3 = {
						CreatedOnToolsVersion = 9.0.1;
						ProvisioningStyle = Automatic;
						SystemCapabilities = {
							com.apple.BackgroundModes = {
								enabled = 1;
							};
							com.apple.Push = {
								enabled = 1;
							};
						};
					};
					B9052AE81F9F338F001F08D3 = {
						CreatedOnToolsVersion = 9.0.1;
						ProvisioningStyle = Automatic;
						TestTargetID = B9052AD41F9F338F001F08D3;
					};
					B9052AF31F9F338F001F08D3 = {
						CreatedOnToolsVersion = 9.0.1;
						ProvisioningStyle = Automatic;
						TestTargetID = B9052AD41F9F338F001F08D3;
					};
				};
			};
			buildConfigurationList = B9052AD01F9F338E001F08D3 /* Build configuration list for PBXProject "delayed" */;
			compatibilityVersion = "Xcode 8.0";
			developmentRegion = en;
			hasScannedForEncodings = 0;
			knownRegions = (
				en,
				Base,
			);
			mainGroup = B9052ACC1F9F338E001F08D3;
			productRefGroup = B9052AD61F9F338F001F08D3 /* Products */;
			projectDirPath = "";
			projectRoot = "";
			targets = (
				B9052AD41F9F338F001F08D3 /* delayed */,
				B9052AE81F9F338F001F08D3 /* delayedTests */,
				B9052AF31F9F338F001F08D3 /* delayedUITests */,
			);
		};
/* End PBXProject section */

/* Begin PBXResourcesBuildPhase section */
		B9052AD31F9F338F001F08D3 /* Resources */ = {
			isa = PBXResourcesBuildPhase;
			buildActionMask = 2147483647;
			files = (
				B91C478E1FA5CD780091D745 /* Images.xcassets in Resources */,
				B9052AE31F9F338F001F08D3 /* LaunchScreen.storyboard in Resources */,
				B9052ADE1F9F338F001F08D3 /* Main.storyboard in Resources */,
			);
			runOnlyForDeploymentPostprocessing = 0;
		};
		B9052AE71F9F338F001F08D3 /* Resources */ = {
			isa = PBXResourcesBuildPhase;
			buildActionMask = 2147483647;
			files = (
			);
			runOnlyForDeploymentPostprocessing = 0;
		};
		B9052AF21F9F338F001F08D3 /* Resources */ = {
			isa = PBXResourcesBuildPhase;
			buildActionMask = 2147483647;
			files = (
			);
			runOnlyForDeploymentPostprocessing = 0;
		};
/* End PBXResourcesBuildPhase section */

/* Begin PBXShellScriptBuildPhase section */
		056A62F9138352C777963391 /* [CP] Copy Pods Resources */ = {
			isa = PBXShellScriptBuildPhase;
			buildActionMask = 2147483647;
			files = (
			);
			inputPaths = (
			);
			name = "[CP] Copy Pods Resources";
			outputPaths = (
			);
			runOnlyForDeploymentPostprocessing = 0;
			shellPath = /bin/sh;
			shellScript = "\"${SRCROOT}/Pods/Target Support Files/Pods-delayed/Pods-delayed-resources.sh\"\n";
			showEnvVarsInLog = 0;
		};
		29EDA49619C12C0EAE8F2F24 /* [CP] Check Pods Manifest.lock */ = {
			isa = PBXShellScriptBuildPhase;
			buildActionMask = 2147483647;
			files = (
			);
			inputPaths = (
				"${PODS_PODFILE_DIR_PATH}/Podfile.lock",
				"${PODS_ROOT}/Manifest.lock",
			);
			name = "[CP] Check Pods Manifest.lock";
			outputPaths = (
				"$(DERIVED_FILE_DIR)/Pods-delayedUITests-checkManifestLockResult.txt",
			);
			runOnlyForDeploymentPostprocessing = 0;
			shellPath = /bin/sh;
			shellScript = "diff \"${PODS_PODFILE_DIR_PATH}/Podfile.lock\" \"${PODS_ROOT}/Manifest.lock\" > /dev/null\nif [ $? != 0 ] ; then\n    # print error to STDERR\n    echo \"error: The sandbox is not in sync with the Podfile.lock. Run 'pod install' or update your CocoaPods installation.\" >&2\n    exit 1\nfi\n# This output is used by Xcode 'outputs' to avoid re-running this script phase.\necho \"SUCCESS\" > \"${SCRIPT_OUTPUT_FILE_0}\"\n";
			showEnvVarsInLog = 0;
		};
		3668764150E041B66ED5B74D /* [CP] Embed Pods Frameworks */ = {
			isa = PBXShellScriptBuildPhase;
			buildActionMask = 2147483647;
			files = (
			);
			inputPaths = (
				"${SRCROOT}/Pods/Target Support Files/Pods-delayed/Pods-delayed-frameworks.sh",
				"${BUILT_PRODUCTS_DIR}/GoogleToolboxForMac/GoogleToolboxForMac.framework",
				"${BUILT_PRODUCTS_DIR}/Protobuf/Protobuf.framework",
				"${BUILT_PRODUCTS_DIR}/SVProgressHUD/SVProgressHUD.framework",
				"${BUILT_PRODUCTS_DIR}/SwiftyJSON/SwiftyJSON.framework",
				"${BUILT_PRODUCTS_DIR}/TextFieldEffects/TextFieldEffects.framework",
				"${BUILT_PRODUCTS_DIR}/nanopb/nanopb.framework",
			);
			name = "[CP] Embed Pods Frameworks";
			outputPaths = (
				"${TARGET_BUILD_DIR}/${FRAMEWORKS_FOLDER_PATH}/GoogleToolboxForMac.framework",
				"${TARGET_BUILD_DIR}/${FRAMEWORKS_FOLDER_PATH}/Protobuf.framework",
				"${TARGET_BUILD_DIR}/${FRAMEWORKS_FOLDER_PATH}/SVProgressHUD.framework",
				"${TARGET_BUILD_DIR}/${FRAMEWORKS_FOLDER_PATH}/SwiftyJSON.framework",
				"${TARGET_BUILD_DIR}/${FRAMEWORKS_FOLDER_PATH}/TextFieldEffects.framework",
				"${TARGET_BUILD_DIR}/${FRAMEWORKS_FOLDER_PATH}/nanopb.framework",
			);
			runOnlyForDeploymentPostprocessing = 0;
			shellPath = /bin/sh;
			shellScript = "\"${SRCROOT}/Pods/Target Support Files/Pods-delayed/Pods-delayed-frameworks.sh\"\n";
			showEnvVarsInLog = 0;
		};
		49CD82618C969F49C747999D /* [CP] Embed Pods Frameworks */ = {
			isa = PBXShellScriptBuildPhase;
			buildActionMask = 2147483647;
			files = (
			);
			inputPaths = (
			);
			name = "[CP] Embed Pods Frameworks";
			outputPaths = (
			);
			runOnlyForDeploymentPostprocessing = 0;
			shellPath = /bin/sh;
			shellScript = "\"${SRCROOT}/Pods/Target Support Files/Pods-delayedUITests/Pods-delayedUITests-frameworks.sh\"\n";
			showEnvVarsInLog = 0;
		};
		4E7AE88913D6C2D684D8F712 /* [CP] Embed Pods Frameworks */ = {
			isa = PBXShellScriptBuildPhase;
			buildActionMask = 2147483647;
			files = (
			);
			inputPaths = (
			);
			name = "[CP] Embed Pods Frameworks";
			outputPaths = (
			);
			runOnlyForDeploymentPostprocessing = 0;
			shellPath = /bin/sh;
			shellScript = "\"${SRCROOT}/Pods/Target Support Files/Pods-delayedTests/Pods-delayedTests-frameworks.sh\"\n";
			showEnvVarsInLog = 0;
		};
		64C6AB938AD9ECD0B5610A7D /* [CP] Copy Pods Resources */ = {
			isa = PBXShellScriptBuildPhase;
			buildActionMask = 2147483647;
			files = (
			);
			inputPaths = (
			);
			name = "[CP] Copy Pods Resources";
			outputPaths = (
			);
			runOnlyForDeploymentPostprocessing = 0;
			shellPath = /bin/sh;
			shellScript = "\"${SRCROOT}/Pods/Target Support Files/Pods-delayedTests/Pods-delayedTests-resources.sh\"\n";
			showEnvVarsInLog = 0;
		};
		6EF475406764372DC607B3FC /* [CP] Check Pods Manifest.lock */ = {
			isa = PBXShellScriptBuildPhase;
			buildActionMask = 2147483647;
			files = (
			);
			inputPaths = (
				"${PODS_PODFILE_DIR_PATH}/Podfile.lock",
				"${PODS_ROOT}/Manifest.lock",
			);
			name = "[CP] Check Pods Manifest.lock";
			outputPaths = (
				"$(DERIVED_FILE_DIR)/Pods-delayedTests-checkManifestLockResult.txt",
			);
			runOnlyForDeploymentPostprocessing = 0;
			shellPath = /bin/sh;
			shellScript = "diff \"${PODS_PODFILE_DIR_PATH}/Podfile.lock\" \"${PODS_ROOT}/Manifest.lock\" > /dev/null\nif [ $? != 0 ] ; then\n    # print error to STDERR\n    echo \"error: The sandbox is not in sync with the Podfile.lock. Run 'pod install' or update your CocoaPods installation.\" >&2\n    exit 1\nfi\n# This output is used by Xcode 'outputs' to avoid re-running this script phase.\necho \"SUCCESS\" > \"${SCRIPT_OUTPUT_FILE_0}\"\n";
			showEnvVarsInLog = 0;
		};
		9476DCFB080253B6828F3D7E /* [CP] Copy Pods Resources */ = {
			isa = PBXShellScriptBuildPhase;
			buildActionMask = 2147483647;
			files = (
			);
			inputPaths = (
			);
			name = "[CP] Copy Pods Resources";
			outputPaths = (
			);
			runOnlyForDeploymentPostprocessing = 0;
			shellPath = /bin/sh;
			shellScript = "\"${SRCROOT}/Pods/Target Support Files/Pods-delayedUITests/Pods-delayedUITests-resources.sh\"\n";
			showEnvVarsInLog = 0;
		};
		C43F2882F8C084D0DD80E983 /* [CP] Check Pods Manifest.lock */ = {
			isa = PBXShellScriptBuildPhase;
			buildActionMask = 2147483647;
			files = (
			);
			inputPaths = (
				"${PODS_PODFILE_DIR_PATH}/Podfile.lock",
				"${PODS_ROOT}/Manifest.lock",
			);
			name = "[CP] Check Pods Manifest.lock";
			outputPaths = (
				"$(DERIVED_FILE_DIR)/Pods-delayed-checkManifestLockResult.txt",
			);
			runOnlyForDeploymentPostprocessing = 0;
			shellPath = /bin/sh;
			shellScript = "diff \"${PODS_PODFILE_DIR_PATH}/Podfile.lock\" \"${PODS_ROOT}/Manifest.lock\" > /dev/null\nif [ $? != 0 ] ; then\n    # print error to STDERR\n    echo \"error: The sandbox is not in sync with the Podfile.lock. Run 'pod install' or update your CocoaPods installation.\" >&2\n    exit 1\nfi\n# This output is used by Xcode 'outputs' to avoid re-running this script phase.\necho \"SUCCESS\" > \"${SCRIPT_OUTPUT_FILE_0}\"\n";
			showEnvVarsInLog = 0;
		};
/* End PBXShellScriptBuildPhase section */

/* Begin PBXSourcesBuildPhase section */
		B9052AD11F9F338F001F08D3 /* Sources */ = {
			isa = PBXSourcesBuildPhase;
			buildActionMask = 2147483647;
			files = (
				B91C478A1FA5A5E70091D745 /* LoginPage.swift in Sources */,
				B97329731FA68D8E00C25878 /* SearchPage.swift in Sources */,
				B9052B101F9F4113001F08D3 /* AllTrips.swift in Sources */,
				B9052B0E1F9F40D3001F08D3 /* TripDetails.swift in Sources */,
				B9052AD91F9F338F001F08D3 /* AppDelegate.swift in Sources */,
				B97329711FA6827E00C25878 /* ResetPasswordPage.swift in Sources */,
				B97ECFC01FA02C87009602AC /* MyTrips.swift in Sources */,
				B91C478C1FA5A6300091D745 /* RegisterPage.swift in Sources */,
				B9052B141F9F4681001F08D3 /* SettingsPage.swift in Sources */,
				B906134A1FA6D22300B89139 /* RouteDetails.swift in Sources */,
				B91C47861FA5690E0091D745 /* LaunchPage.swift in Sources */,
				B9F6CC7D1FA7273E007AB605 /* StoptimePage.swift in Sources */,
			);
			runOnlyForDeploymentPostprocessing = 0;
		};
		B9052AE51F9F338F001F08D3 /* Sources */ = {
			isa = PBXSourcesBuildPhase;
			buildActionMask = 2147483647;
			files = (
				B9052AEE1F9F338F001F08D3 /* delayedTests.swift in Sources */,
			);
			runOnlyForDeploymentPostprocessing = 0;
		};
		B9052AF01F9F338F001F08D3 /* Sources */ = {
			isa = PBXSourcesBuildPhase;
			buildActionMask = 2147483647;
			files = (
				B9052AF91F9F338F001F08D3 /* delayedUITests.swift in Sources */,
			);
			runOnlyForDeploymentPostprocessing = 0;
		};
/* End PBXSourcesBuildPhase section */

/* Begin PBXTargetDependency section */
		B9052AEB1F9F338F001F08D3 /* PBXTargetDependency */ = {
			isa = PBXTargetDependency;
			target = B9052AD41F9F338F001F08D3 /* delayed */;
			targetProxy = B9052AEA1F9F338F001F08D3 /* PBXContainerItemProxy */;
		};
		B9052AF61F9F338F001F08D3 /* PBXTargetDependency */ = {
			isa = PBXTargetDependency;
			target = B9052AD41F9F338F001F08D3 /* delayed */;
			targetProxy = B9052AF51F9F338F001F08D3 /* PBXContainerItemProxy */;
		};
/* End PBXTargetDependency section */

/* Begin PBXVariantGroup section */
		B9052ADC1F9F338F001F08D3 /* Main.storyboard */ = {
			isa = PBXVariantGroup;
			children = (
				B9052ADD1F9F338F001F08D3 /* Base */,
			);
			name = Main.storyboard;
			sourceTree = "<group>";
		};
		B9052AE11F9F338F001F08D3 /* LaunchScreen.storyboard */ = {
			isa = PBXVariantGroup;
			children = (
				B9052AE21F9F338F001F08D3 /* Base */,
			);
			name = LaunchScreen.storyboard;
			sourceTree = "<group>";
		};
/* End PBXVariantGroup section */

/* Begin XCBuildConfiguration section */
		B9052AFB1F9F338F001F08D3 /* Debug */ = {
			isa = XCBuildConfiguration;
			buildSettings = {
				ALWAYS_SEARCH_USER_PATHS = NO;
				CLANG_ANALYZER_NONNULL = YES;
				CLANG_ANALYZER_NUMBER_OBJECT_CONVERSION = YES_AGGRESSIVE;
				CLANG_CXX_LANGUAGE_STANDARD = "gnu++14";
				CLANG_CXX_LIBRARY = "libc++";
				CLANG_ENABLE_MODULES = YES;
				CLANG_ENABLE_OBJC_ARC = YES;
				CLANG_WARN_BLOCK_CAPTURE_AUTORELEASING = YES;
				CLANG_WARN_BOOL_CONVERSION = YES;
				CLANG_WARN_COMMA = YES;
				CLANG_WARN_CONSTANT_CONVERSION = YES;
				CLANG_WARN_DIRECT_OBJC_ISA_USAGE = YES_ERROR;
				CLANG_WARN_DOCUMENTATION_COMMENTS = YES;
				CLANG_WARN_EMPTY_BODY = YES;
				CLANG_WARN_ENUM_CONVERSION = YES;
				CLANG_WARN_INFINITE_RECURSION = YES;
				CLANG_WARN_INT_CONVERSION = YES;
				CLANG_WARN_NON_LITERAL_NULL_CONVERSION = YES;
				CLANG_WARN_OBJC_LITERAL_CONVERSION = YES;
				CLANG_WARN_OBJC_ROOT_CLASS = YES_ERROR;
				CLANG_WARN_RANGE_LOOP_ANALYSIS = YES;
				CLANG_WARN_STRICT_PROTOTYPES = YES;
				CLANG_WARN_SUSPICIOUS_MOVE = YES;
				CLANG_WARN_UNGUARDED_AVAILABILITY = YES_AGGRESSIVE;
				CLANG_WARN_UNREACHABLE_CODE = YES;
				CLANG_WARN__DUPLICATE_METHOD_MATCH = YES;
				CODE_SIGN_IDENTITY = "iPhone Developer";
				COPY_PHASE_STRIP = NO;
				DEBUG_INFORMATION_FORMAT = dwarf;
				ENABLE_STRICT_OBJC_MSGSEND = YES;
				ENABLE_TESTABILITY = YES;
				GCC_C_LANGUAGE_STANDARD = gnu11;
				GCC_DYNAMIC_NO_PIC = NO;
				GCC_NO_COMMON_BLOCKS = YES;
				GCC_OPTIMIZATION_LEVEL = 0;
				GCC_PREPROCESSOR_DEFINITIONS = (
					"DEBUG=1",
					"$(inherited)",
				);
				GCC_WARN_64_TO_32_BIT_CONVERSION = YES;
				GCC_WARN_ABOUT_RETURN_TYPE = YES_ERROR;
				GCC_WARN_UNDECLARED_SELECTOR = YES;
				GCC_WARN_UNINITIALIZED_AUTOS = YES_AGGRESSIVE;
				GCC_WARN_UNUSED_FUNCTION = YES;
				GCC_WARN_UNUSED_VARIABLE = YES;
				IPHONEOS_DEPLOYMENT_TARGET = 11.0;
				MTL_ENABLE_DEBUG_INFO = YES;
				ONLY_ACTIVE_ARCH = YES;
				SDKROOT = iphoneos;
				SWIFT_ACTIVE_COMPILATION_CONDITIONS = DEBUG;
				SWIFT_OPTIMIZATION_LEVEL = "-Onone";
			};
			name = Debug;
		};
		B9052AFC1F9F338F001F08D3 /* Release */ = {
			isa = XCBuildConfiguration;
			buildSettings = {
				ALWAYS_SEARCH_USER_PATHS = NO;
				CLANG_ANALYZER_NONNULL = YES;
				CLANG_ANALYZER_NUMBER_OBJECT_CONVERSION = YES_AGGRESSIVE;
				CLANG_CXX_LANGUAGE_STANDARD = "gnu++14";
				CLANG_CXX_LIBRARY = "libc++";
				CLANG_ENABLE_MODULES = YES;
				CLANG_ENABLE_OBJC_ARC = YES;
				CLANG_WARN_BLOCK_CAPTURE_AUTORELEASING = YES;
				CLANG_WARN_BOOL_CONVERSION = YES;
				CLANG_WARN_COMMA = YES;
				CLANG_WARN_CONSTANT_CONVERSION = YES;
				CLANG_WARN_DIRECT_OBJC_ISA_USAGE = YES_ERROR;
				CLANG_WARN_DOCUMENTATION_COMMENTS = YES;
				CLANG_WARN_EMPTY_BODY = YES;
				CLANG_WARN_ENUM_CONVERSION = YES;
				CLANG_WARN_INFINITE_RECURSION = YES;
				CLANG_WARN_INT_CONVERSION = YES;
				CLANG_WARN_NON_LITERAL_NULL_CONVERSION = YES;
				CLANG_WARN_OBJC_LITERAL_CONVERSION = YES;
				CLANG_WARN_OBJC_ROOT_CLASS = YES_ERROR;
				CLANG_WARN_RANGE_LOOP_ANALYSIS = YES;
				CLANG_WARN_STRICT_PROTOTYPES = YES;
				CLANG_WARN_SUSPICIOUS_MOVE = YES;
				CLANG_WARN_UNGUARDED_AVAILABILITY = YES_AGGRESSIVE;
				CLANG_WARN_UNREACHABLE_CODE = YES;
				CLANG_WARN__DUPLICATE_METHOD_MATCH = YES;
				CODE_SIGN_IDENTITY = "iPhone Developer";
				COPY_PHASE_STRIP = NO;
				DEBUG_INFORMATION_FORMAT = "dwarf-with-dsym";
				ENABLE_NS_ASSERTIONS = NO;
				ENABLE_STRICT_OBJC_MSGSEND = YES;
				GCC_C_LANGUAGE_STANDARD = gnu11;
				GCC_NO_COMMON_BLOCKS = YES;
				GCC_WARN_64_TO_32_BIT_CONVERSION = YES;
				GCC_WARN_ABOUT_RETURN_TYPE = YES_ERROR;
				GCC_WARN_UNDECLARED_SELECTOR = YES;
				GCC_WARN_UNINITIALIZED_AUTOS = YES_AGGRESSIVE;
				GCC_WARN_UNUSED_FUNCTION = YES;
				GCC_WARN_UNUSED_VARIABLE = YES;
				IPHONEOS_DEPLOYMENT_TARGET = 11.0;
				MTL_ENABLE_DEBUG_INFO = NO;
				SDKROOT = iphoneos;
				SWIFT_OPTIMIZATION_LEVEL = "-Owholemodule";
				VALIDATE_PRODUCT = YES;
			};
			name = Release;
		};
		B9052AFE1F9F338F001F08D3 /* Debug */ = {
			isa = XCBuildConfiguration;
			baseConfigurationReference = DFBF692110D3195E4216BB72 /* Pods-delayed.debug.xcconfig */;
			buildSettings = {
				ASSETCATALOG_COMPILER_APPICON_NAME = AppIcon;
				ASSETCATALOG_COMPILER_LAUNCHIMAGE_NAME = LaunchImage;
				CODE_SIGN_ENTITLEMENTS = delayed/delayed.entitlements;
				CODE_SIGN_STYLE = Automatic;
				DEVELOPMENT_TEAM = AU4N83EQGH;
				INFOPLIST_FILE = delayed/Info.plist;
				LD_RUNPATH_SEARCH_PATHS = "$(inherited) @executable_path/Frameworks";
				PRODUCT_BUNDLE_IDENTIFIER = com.Lamps.delayed;
				PRODUCT_NAME = "$(TARGET_NAME)";
				SWIFT_VERSION = 4.0;
				TARGETED_DEVICE_FAMILY = "1,2";
			};
			name = Debug;
		};
		B9052AFF1F9F338F001F08D3 /* Release */ = {
			isa = XCBuildConfiguration;
			baseConfigurationReference = 7F209EAAE4E4F4E0006E5358 /* Pods-delayed.release.xcconfig */;
			buildSettings = {
				ASSETCATALOG_COMPILER_APPICON_NAME = AppIcon;
				ASSETCATALOG_COMPILER_LAUNCHIMAGE_NAME = LaunchImage;
				CODE_SIGN_ENTITLEMENTS = delayed/delayed.entitlements;
				CODE_SIGN_STYLE = Automatic;
				DEVELOPMENT_TEAM = AU4N83EQGH;
				INFOPLIST_FILE = delayed/Info.plist;
				LD_RUNPATH_SEARCH_PATHS = "$(inherited) @executable_path/Frameworks";
				PRODUCT_BUNDLE_IDENTIFIER = com.Lamps.delayed;
				PRODUCT_NAME = "$(TARGET_NAME)";
				SWIFT_VERSION = 4.0;
				TARGETED_DEVICE_FAMILY = "1,2";
			};
			name = Release;
		};
		B9052B011F9F338F001F08D3 /* Debug */ = {
			isa = XCBuildConfiguration;
			baseConfigurationReference = 608F80E2EC9B77982B823137 /* Pods-delayedTests.debug.xcconfig */;
			buildSettings = {
				ALWAYS_EMBED_SWIFT_STANDARD_LIBRARIES = YES;
				BUNDLE_LOADER = "$(TEST_HOST)";
				CODE_SIGN_STYLE = Automatic;
				DEVELOPMENT_TEAM = AU4N83EQGH;
				INFOPLIST_FILE = delayedTests/Info.plist;
				LD_RUNPATH_SEARCH_PATHS = "$(inherited) @executable_path/Frameworks @loader_path/Frameworks";
				PRODUCT_BUNDLE_IDENTIFIER = com.Lamps.delayedTests;
				PRODUCT_NAME = "$(TARGET_NAME)";
				SWIFT_VERSION = 4.0;
				TARGETED_DEVICE_FAMILY = "1,2";
				TEST_HOST = "$(BUILT_PRODUCTS_DIR)/delayed.app/delayed";
			};
			name = Debug;
		};
		B9052B021F9F338F001F08D3 /* Release */ = {
			isa = XCBuildConfiguration;
			baseConfigurationReference = 2F416CD66A10FDC7356A2DEF /* Pods-delayedTests.release.xcconfig */;
			buildSettings = {
				ALWAYS_EMBED_SWIFT_STANDARD_LIBRARIES = YES;
				BUNDLE_LOADER = "$(TEST_HOST)";
				CODE_SIGN_STYLE = Automatic;
				DEVELOPMENT_TEAM = AU4N83EQGH;
				INFOPLIST_FILE = delayedTests/Info.plist;
				LD_RUNPATH_SEARCH_PATHS = "$(inherited) @executable_path/Frameworks @loader_path/Frameworks";
				PRODUCT_BUNDLE_IDENTIFIER = com.Lamps.delayedTests;
				PRODUCT_NAME = "$(TARGET_NAME)";
				SWIFT_VERSION = 4.0;
				TARGETED_DEVICE_FAMILY = "1,2";
				TEST_HOST = "$(BUILT_PRODUCTS_DIR)/delayed.app/delayed";
			};
			name = Release;
		};
		B9052B041F9F338F001F08D3 /* Debug */ = {
			isa = XCBuildConfiguration;
			baseConfigurationReference = 9C95566EB00D5015D964518E /* Pods-delayedUITests.debug.xcconfig */;
			buildSettings = {
				ALWAYS_EMBED_SWIFT_STANDARD_LIBRARIES = YES;
				CODE_SIGN_STYLE = Automatic;
				DEVELOPMENT_TEAM = AU4N83EQGH;
				INFOPLIST_FILE = delayedUITests/Info.plist;
				LD_RUNPATH_SEARCH_PATHS = "$(inherited) @executable_path/Frameworks @loader_path/Frameworks";
				PRODUCT_BUNDLE_IDENTIFIER = com.Lamps.delayedUITests;
				PRODUCT_NAME = "$(TARGET_NAME)";
				SWIFT_VERSION = 4.0;
				TARGETED_DEVICE_FAMILY = "1,2";
				TEST_TARGET_NAME = delayed;
			};
			name = Debug;
		};
		B9052B051F9F338F001F08D3 /* Release */ = {
			isa = XCBuildConfiguration;
			baseConfigurationReference = 1A61620E04A1E5176B0A6CDA /* Pods-delayedUITests.release.xcconfig */;
			buildSettings = {
				ALWAYS_EMBED_SWIFT_STANDARD_LIBRARIES = YES;
				CODE_SIGN_STYLE = Automatic;
				DEVELOPMENT_TEAM = AU4N83EQGH;
				INFOPLIST_FILE = delayedUITests/Info.plist;
				LD_RUNPATH_SEARCH_PATHS = "$(inherited) @executable_path/Frameworks @loader_path/Frameworks";
				PRODUCT_BUNDLE_IDENTIFIER = com.Lamps.delayedUITests;
				PRODUCT_NAME = "$(TARGET_NAME)";
				SWIFT_VERSION = 4.0;
				TARGETED_DEVICE_FAMILY = "1,2";
				TEST_TARGET_NAME = delayed;
			};
			name = Release;
		};
/* End XCBuildConfiguration section */

/* Begin XCConfigurationList section */
		B9052AD01F9F338E001F08D3 /* Build configuration list for PBXProject "delayed" */ = {
			isa = XCConfigurationList;
			buildConfigurations = (
				B9052AFB1F9F338F001F08D3 /* Debug */,
				B9052AFC1F9F338F001F08D3 /* Release */,
			);
			defaultConfigurationIsVisible = 0;
			defaultConfigurationName = Release;
		};
		B9052AFD1F9F338F001F08D3 /* Build configuration list for PBXNativeTarget "delayed" */ = {
			isa = XCConfigurationList;
			buildConfigurations = (
				B9052AFE1F9F338F001F08D3 /* Debug */,
				B9052AFF1F9F338F001F08D3 /* Release */,
			);
			defaultConfigurationIsVisible = 0;
			defaultConfigurationName = Release;
		};
		B9052B001F9F338F001F08D3 /* Build configuration list for PBXNativeTarget "delayedTests" */ = {
			isa = XCConfigurationList;
			buildConfigurations = (
				B9052B011F9F338F001F08D3 /* Debug */,
				B9052B021F9F338F001F08D3 /* Release */,
			);
			defaultConfigurationIsVisible = 0;
			defaultConfigurationName = Release;
		};
		B9052B031F9F338F001F08D3 /* Build configuration list for PBXNativeTarget "delayedUITests" */ = {
			isa = XCConfigurationList;
			buildConfigurations = (
				B9052B041F9F338F001F08D3 /* Debug */,
				B9052B051F9F338F001F08D3 /* Release */,
			);
			defaultConfigurationIsVisible = 0;
			defaultConfigurationName = Release;
		};
/* End XCConfigurationList section */
	};
	rootObject = B9052ACD1F9F338E001F08D3 /* Project object */;
}
